
Microsoft Visual Studio Solution File, Format Version 12.00
# Visual Studio Version 17
VisualStudioVersion = 17.3.32929.385
MinimumVisualStudioVersion = 10.0.40219.1
Project("{FAE04EC0-301F-11D3-BF4B-00C04F79EFBC}") = "BattleShip", "BattleShip\BattleShip.csproj", "{B311AA3D-F44C-4C4A-9888-0F59AB26A58A}"
EndProject
Global
	GlobalSection(SolutionConfigurationPlatforms) = preSolution
		Debug|Any CPU = Debug|Any CPU
		Release|Any CPU = Release|Any CPU
	EndGlobalSection
	GlobalSection(ProjectConfigurationPlatforms) = postSolution
		{B311AA3D-F44C-4C4A-9888-0F59AB26A58A}.Debug|Any CPU.ActiveCfg = Debug|Any CPU
		{B311AA3D-F44C-4C4A-9888-0F59AB26A58A}.Debug|Any CPU.Build.0 = Debug|Any CPU
		{B311AA3D-F44C-4C4A-9888-0F59AB26A58A}.Release|Any CPU.ActiveCfg = Release|Any CPU
		{B311AA3D-F44C-4C4A-9888-0F59AB26A58A}.Release|Any CPU.Build.0 = Release|Any CPU
	EndGlobalSection
	GlobalSection(SolutionProperties) = preSolution
		HideSolutionNode = FALSE
	EndGlobalSection
	GlobalSection(ExtensibilityGlobals) = postSolution
		SolutionGuid = {F05588CA-D2CD-49C4-A136-9B3F8BFF0FD9}
	EndGlobalSection
EndGlobal
